
Microsoft Visual Studio Solution File, Format Version 12.00
# Visual Studio Version 16
VisualStudioVersion = 16.0.30523.141
MinimumVisualStudioVersion = 10.0.40219.1
Project("{2150E333-8FDC-42A3-9474-1A3956D46DE8}") = "1 - Apps", "1 - Apps", "{EB5CFC5A-FA6C-46F7-8001-860E376D8A49}"
EndProject
Project("{2150E333-8FDC-42A3-9474-1A3956D46DE8}") = "2 - Services", "2 - Services", "{482D0E26-CD3E-4AD6-9A31-5346F63F3D51}"
EndProject
Project("{2150E333-8FDC-42A3-9474-1A3956D46DE8}") = "3 - Repositories", "3 - Repositories", "{08BECD81-AE15-4B06-8C83-F1BCF3FE95B8}"
EndProject
Project("{2150E333-8FDC-42A3-9474-1A3956D46DE8}") = "4 - Domains", "4 - Domains", "{47E9708C-392A-4A7B-AA8B-53B237273CAA}"
EndProject
Project("{2150E333-8FDC-42A3-9474-1A3956D46DE8}") = "5 - Exceptions", "5 - Exceptions", "{B0370B60-BD55-47AE-9B8C-E3AED888FF0F}"
EndProject
Project("{2150E333-8FDC-42A3-9474-1A3956D46DE8}") = "6 - Mappers", "6 - Mappers", "{A25F9780-915F-4570-8D2A-7E18D591F667}"
EndProject
Project("{2150E333-8FDC-42A3-9474-1A3956D46DE8}") = "7 - ViewModels", "7 - ViewModels", "{E755C97F-6284-4911-83D8-5CD701EABFBE}"
EndProject
Project("{2150E333-8FDC-42A3-9474-1A3956D46DE8}") = "8 - Tests", "8 - Tests", "{FC7CF830-4EE4-49CC-8040-192F41443938}"
EndProject
Project("{9A19103F-16F7-4668-BE54-9A1E7A4F7556}") = "INTELECTAH.ConsultaFacil.WebApi", "INTELECTAH.ConsultaFacil.WebApi\INTELECTAH.ConsultaFacil.WebApi.csproj", "{1445E9D9-8012-4F67-982D-5CF3C0C48A87}"
EndProject
Project("{9A19103F-16F7-4668-BE54-9A1E7A4F7556}") = "INTELECTAH.ConsultaFacil.WebApp", "INTELECTAH.ConsultaFacil.WebApp\INTELECTAH.ConsultaFacil.WebApp.csproj", "{5B4E03CA-AACB-4E71-A69A-E439AC0C6156}"
EndProject
Project("{9A19103F-16F7-4668-BE54-9A1E7A4F7556}") = "INTELECTAH.ConsultaFacil.Service", "INTELECTAH.ConsultaFacil.Service\INTELECTAH.ConsultaFacil.Service.csproj", "{F3B85B96-47E2-4DA3-BCA9-1F686DCB3EDA}"
EndProject
Project("{9A19103F-16F7-4668-BE54-9A1E7A4F7556}") = "INTELECTAH.ConsultaFacil.Respository.Common", "INTELECTAH.ConsultaFacil.CommonRespository\INTELECTAH.ConsultaFacil.Respository.Common.csproj", "{973B306A-08A7-4303-A64A-7FB467022092}"
EndProject
Project("{9A19103F-16F7-4668-BE54-9A1E7A4F7556}") = "INTELECTAH.ConsultaFacil.Repository.SqlServer", "INTELECTAH.ConsultaFacil.SQLServerRepository\INTELECTAH.ConsultaFacil.Repository.SqlServer.csproj", "{8EEC3399-C3BE-4F5D-AF31-1C4E8192C4B0}"
EndProject
Project("{9A19103F-16F7-4668-BE54-9A1E7A4F7556}") = "INTELECTAH.ConsultaFacil.Domain", "INTELECTAH.ConsultaFacil.Domain\INTELECTAH.ConsultaFacil.Domain.csproj", "{E8E8B88E-1607-4573-9446-56DDA1723808}"
EndProject
Project("{9A19103F-16F7-4668-BE54-9A1E7A4F7556}") = "INTELECTAH.ConsultaFacil.Exception", "INTELECTAH.ConsultaFacil.Exception\INTELECTAH.ConsultaFacil.Exception.csproj", "{C2F4DC99-6B40-486A-9BE4-A1A9A7F40310}"
EndProject
Project("{9A19103F-16F7-4668-BE54-9A1E7A4F7556}") = "INTELECTAH.ConsultaFacil.Mapper", "INTELECTAH.ConsultaFacil.Mapper\INTELECTAH.ConsultaFacil.Mapper.csproj", "{95EDF14D-710F-4600-BB88-20D1293E9481}"
EndProject
Project("{9A19103F-16F7-4668-BE54-9A1E7A4F7556}") = "INTELECTAH.ConsultaFacil.ViewModel", "INTELECTAH.ConsultaFacil.ViewModel\INTELECTAH.ConsultaFacil.ViewModel.csproj", "{C75B414C-F247-4901-A453-3E13E94A0FB7}"
EndProject
Project("{9A19103F-16F7-4668-BE54-9A1E7A4F7556}") = "INTELECTAH.ConsultaFacil.xUnitTest", "INTELECTAH.ConsultaFacil.xUnitTest\INTELECTAH.ConsultaFacil.xUnitTest.csproj", "{21BA8CC0-979F-4E15-B6A2-ABB9C472242B}"
EndProject
Project("{FAE04EC0-301F-11D3-BF4B-00C04F79EFBC}") = "INTELECTAH.ConsultaFacil.Service.Common", "INTELECTAH.ConsultaFacil.Service.Common\INTELECTAH.ConsultaFacil.Service.Common.csproj", "{36D9B65B-345D-4489-8C4A-7815584ECA67}"
EndProject
Global
	GlobalSection(SolutionConfigurationPlatforms) = preSolution
		Debug|Any CPU = Debug|Any CPU
		Release|Any CPU = Release|Any CPU
	EndGlobalSection
	GlobalSection(ProjectConfigurationPlatforms) = postSolution
		{1445E9D9-8012-4F67-982D-5CF3C0C48A87}.Debug|Any CPU.ActiveCfg = Debug|Any CPU
		{1445E9D9-8012-4F67-982D-5CF3C0C48A87}.Debug|Any CPU.Build.0 = Debug|Any CPU
		{1445E9D9-8012-4F67-982D-5CF3C0C48A87}.Release|Any CPU.ActiveCfg = Release|Any CPU
		{1445E9D9-8012-4F67-982D-5CF3C0C48A87}.Release|Any CPU.Build.0 = Release|Any CPU
		{5B4E03CA-AACB-4E71-A69A-E439AC0C6156}.Debug|Any CPU.ActiveCfg = Debug|Any CPU
		{5B4E03CA-AACB-4E71-A69A-E439AC0C6156}.Debug|Any CPU.Build.0 = Debug|Any CPU
		{5B4E03CA-AACB-4E71-A69A-E439AC0C6156}.Release|Any CPU.ActiveCfg = Release|Any CPU
		{5B4E03CA-AACB-4E71-A69A-E439AC0C6156}.Release|Any CPU.Build.0 = Release|Any CPU
		{F3B85B96-47E2-4DA3-BCA9-1F686DCB3EDA}.Debug|Any CPU.ActiveCfg = Debug|Any CPU
		{F3B85B96-47E2-4DA3-BCA9-1F686DCB3EDA}.Debug|Any CPU.Build.0 = Debug|Any CPU
		{F3B85B96-47E2-4DA3-BCA9-1F686DCB3EDA}.Release|Any CPU.ActiveCfg = Release|Any CPU
		{F3B85B96-47E2-4DA3-BCA9-1F686DCB3EDA}.Release|Any CPU.Build.0 = Release|Any CPU
		{973B306A-08A7-4303-A64A-7FB467022092}.Debug|Any CPU.ActiveCfg = Debug|Any CPU
		{973B306A-08A7-4303-A64A-7FB467022092}.Debug|Any CPU.Build.0 = Debug|Any CPU
		{973B306A-08A7-4303-A64A-7FB467022092}.Release|Any CPU.ActiveCfg = Release|Any CPU
		{973B306A-08A7-4303-A64A-7FB467022092}.Release|Any CPU.Build.0 = Release|Any CPU
		{8EEC3399-C3BE-4F5D-AF31-1C4E8192C4B0}.Debug|Any CPU.ActiveCfg = Debug|Any CPU
		{8EEC3399-C3BE-4F5D-AF31-1C4E8192C4B0}.Debug|Any CPU.Build.0 = Debug|Any CPU
		{8EEC3399-C3BE-4F5D-AF31-1C4E8192C4B0}.Release|Any CPU.ActiveCfg = Release|Any CPU
		{8EEC3399-C3BE-4F5D-AF31-1C4E8192C4B0}.Release|Any CPU.Build.0 = Release|Any CPU
		{E8E8B88E-1607-4573-9446-56DDA1723808}.Debug|Any CPU.ActiveCfg = Debug|Any CPU
		{E8E8B88E-1607-4573-9446-56DDA1723808}.Debug|Any CPU.Build.0 = Debug|Any CPU
		{E8E8B88E-1607-4573-9446-56DDA1723808}.Release|Any CPU.ActiveCfg = Release|Any CPU
		{E8E8B88E-1607-4573-9446-56DDA1723808}.Release|Any CPU.Build.0 = Release|Any CPU
		{C2F4DC99-6B40-486A-9BE4-A1A9A7F40310}.Debug|Any CPU.ActiveCfg = Debug|Any CPU
		{C2F4DC99-6B40-486A-9BE4-A1A9A7F40310}.Debug|Any CPU.Build.0 = Debug|Any CPU
		{C2F4DC99-6B40-486A-9BE4-A1A9A7F40310}.Release|Any CPU.ActiveCfg = Release|Any CPU
		{C2F4DC99-6B40-486A-9BE4-A1A9A7F40310}.Release|Any CPU.Build.0 = Release|Any CPU
		{95EDF14D-710F-4600-BB88-20D1293E9481}.Debug|Any CPU.ActiveCfg = Debug|Any CPU
		{95EDF14D-710F-4600-BB88-20D1293E9481}.Debug|Any CPU.Build.0 = Debug|Any CPU
		{95EDF14D-710F-4600-BB88-20D1293E9481}.Release|Any CPU.ActiveCfg = Release|Any CPU
		{95EDF14D-710F-4600-BB88-20D1293E9481}.Release|Any CPU.Build.0 = Release|Any CPU
		{C75B414C-F247-4901-A453-3E13E94A0FB7}.Debug|Any CPU.ActiveCfg = Debug|Any CPU
		{C75B414C-F247-4901-A453-3E13E94A0FB7}.Debug|Any CPU.Build.0 = Debug|Any CPU
		{C75B414C-F247-4901-A453-3E13E94A0FB7}.Release|Any CPU.ActiveCfg = Release|Any CPU
		{C75B414C-F247-4901-A453-3E13E94A0FB7}.Release|Any CPU.Build.0 = Release|Any CPU
		{21BA8CC0-979F-4E15-B6A2-ABB9C472242B}.Debug|Any CPU.ActiveCfg = Debug|Any CPU
		{21BA8CC0-979F-4E15-B6A2-ABB9C472242B}.Debug|Any CPU.Build.0 = Debug|Any CPU
		{21BA8CC0-979F-4E15-B6A2-ABB9C472242B}.Release|Any CPU.ActiveCfg = Release|Any CPU
		{21BA8CC0-979F-4E15-B6A2-ABB9C472242B}.Release|Any CPU.Build.0 = Release|Any CPU
		{36D9B65B-345D-4489-8C4A-7815584ECA67}.Debug|Any CPU.ActiveCfg = Debug|Any CPU
		{36D9B65B-345D-4489-8C4A-7815584ECA67}.Debug|Any CPU.Build.0 = Debug|Any CPU
		{36D9B65B-345D-4489-8C4A-7815584ECA67}.Release|Any CPU.ActiveCfg = Release|Any CPU
		{36D9B65B-345D-4489-8C4A-7815584ECA67}.Release|Any CPU.Build.0 = Release|Any CPU
	EndGlobalSection
	GlobalSection(SolutionProperties) = preSolution
		HideSolutionNode = FALSE
	EndGlobalSection
	GlobalSection(NestedProjects) = preSolution
		{1445E9D9-8012-4F67-982D-5CF3C0C48A87} = {EB5CFC5A-FA6C-46F7-8001-860E376D8A49}
		{5B4E03CA-AACB-4E71-A69A-E439AC0C6156} = {EB5CFC5A-FA6C-46F7-8001-860E376D8A49}
		{F3B85B96-47E2-4DA3-BCA9-1F686DCB3EDA} = {482D0E26-CD3E-4AD6-9A31-5346F63F3D51}
		{973B306A-08A7-4303-A64A-7FB467022092} = {08BECD81-AE15-4B06-8C83-F1BCF3FE95B8}
		{8EEC3399-C3BE-4F5D-AF31-1C4E8192C4B0} = {08BECD81-AE15-4B06-8C83-F1BCF3FE95B8}
		{E8E8B88E-1607-4573-9446-56DDA1723808} = {47E9708C-392A-4A7B-AA8B-53B237273CAA}
		{C2F4DC99-6B40-486A-9BE4-A1A9A7F40310} = {B0370B60-BD55-47AE-9B8C-E3AED888FF0F}
		{95EDF14D-710F-4600-BB88-20D1293E9481} = {A25F9780-915F-4570-8D2A-7E18D591F667}
		{C75B414C-F247-4901-A453-3E13E94A0FB7} = {E755C97F-6284-4911-83D8-5CD701EABFBE}
		{21BA8CC0-979F-4E15-B6A2-ABB9C472242B} = {FC7CF830-4EE4-49CC-8040-192F41443938}
		{36D9B65B-345D-4489-8C4A-7815584ECA67} = {482D0E26-CD3E-4AD6-9A31-5346F63F3D51}
	EndGlobalSection
	GlobalSection(ExtensibilityGlobals) = postSolution
		SolutionGuid = {EF6E689F-BA68-45DA-B47E-F4A4D6AF2A97}
	EndGlobalSection
EndGlobal
